
Microsoft Visual Studio Solution File, Format Version 12.00
# Visual Studio Version 16
VisualStudioVersion = 16.0.29806.167
MinimumVisualStudioVersion = 10.0.40219.1
Project("{FAE04EC0-301F-11D3-BF4B-00C04F79EFBC}") = "UCH_PRCT_12", "UCH_PRCT_12\UCH_PRCT_12.csproj", "{F7FC4F19-7FB0-4B47-835C-3EB4F51CB587}"
EndProject
Global
	GlobalSection(SolutionConfigurationPlatforms) = preSolution
		Debug|Any CPU = Debug|Any CPU
		Release|Any CPU = Release|Any CPU
	EndGlobalSection
	GlobalSection(ProjectConfigurationPlatforms) = postSolution
		{F7FC4F19-7FB0-4B47-835C-3EB4F51CB587}.Debug|Any CPU.ActiveCfg = Debug|Any CPU
		{F7FC4F19-7FB0-4B47-835C-3EB4F51CB587}.Debug|Any CPU.Build.0 = Debug|Any CPU
		{F7FC4F19-7FB0-4B47-835C-3EB4F51CB587}.Release|Any CPU.ActiveCfg = Release|Any CPU
		{F7FC4F19-7FB0-4B47-835C-3EB4F51CB587}.Release|Any CPU.Build.0 = Release|Any CPU
	EndGlobalSection
	GlobalSection(SolutionProperties) = preSolution
		HideSolutionNode = FALSE
	EndGlobalSection
	GlobalSection(ExtensibilityGlobals) = postSolution
		SolutionGuid = {A6A98053-E238-43D4-B337-454E37649446}
	EndGlobalSection
EndGlobal
